// !$*UTF8*$!
{
	archiveVersion = 1;
	classes = {
	};
	objectVersion = 46;
	objects = {

/* Begin PBXBuildFile section */
		3914D6561E61E8F4004F580C /* AppDelegate.swift in Sources */ = {isa = PBXBuildFile; fileRef = 3914D6551E61E8F4004F580C /* AppDelegate.swift */; };
		3914D6581E61E8F4004F580C /* ViewController.swift in Sources */ = {isa = PBXBuildFile; fileRef = 3914D6571E61E8F4004F580C /* ViewController.swift */; };
		3914D65B1E61E8F4004F580C /* Main.storyboard in Resources */ = {isa = PBXBuildFile; fileRef = 3914D6591E61E8F4004F580C /* Main.storyboard */; };
		3914D65D1E61E8F4004F580C /* Assets.xcassets in Resources */ = {isa = PBXBuildFile; fileRef = 3914D65C1E61E8F4004F580C /* Assets.xcassets */; };
		3914D6601E61E8F4004F580C /* LaunchScreen.storyboard in Resources */ = {isa = PBXBuildFile; fileRef = 3914D65E1E61E8F4004F580C /* LaunchScreen.storyboard */; };
		3914D66B1E61E8F4004F580C /* FirebaseTestTests.swift in Sources */ = {isa = PBXBuildFile; fileRef = 3914D66A1E61E8F4004F580C /* FirebaseTestTests.swift */; };
/* End PBXBuildFile section */

/* Begin PBXContainerItemProxy section */
		3914D6671E61E8F4004F580C /* PBXContainerItemProxy */ = {
			isa = PBXContainerItemProxy;
			containerPortal = 3914D64A1E61E8F4004F580C /* Project object */;
			proxyType = 1;
			remoteGlobalIDString = 3914D6511E61E8F4004F580C;
			remoteInfo = FirebaseTest;
		};
/* End PBXContainerItemProxy section */

/* Begin PBXFileReference section */
		3914D6521E61E8F4004F580C /* FirebaseTest.app */ = {isa = PBXFileReference; explicitFileType = wrapper.application; includeInIndex = 0; path = FirebaseTest.app; sourceTree = BUILT_PRODUCTS_DIR; };
		3914D6551E61E8F4004F580C /* AppDelegate.swift */ = {isa = PBXFileReference; lastKnownFileType = sourcecode.swift; path = AppDelegate.swift; sourceTree = "<group>"; };
		3914D6571E61E8F4004F580C /* ViewController.swift */ = {isa = PBXFileReference; lastKnownFileType = sourcecode.swift; path = ViewController.swift; sourceTree = "<group>"; };
		3914D65A1E61E8F4004F580C /* Base */ = {isa = PBXFileReference; lastKnownFileType = file.storyboard; name = Base; path = Base.lproj/Main.storyboard; sourceTree = "<group>"; };
		3914D65C1E61E8F4004F580C /* Assets.xcassets */ = {isa = PBXFileReference; lastKnownFileType = folder.assetcatalog; path = Assets.xcassets; sourceTree = "<group>"; };
		3914D65F1E61E8F4004F580C /* Base */ = {isa = PBXFileReference; lastKnownFileType = file.storyboard; name = Base; path = Base.lproj/LaunchScreen.storyboard; sourceTree = "<group>"; };
		3914D6611E61E8F4004F580C /* Info.plist */ = {isa = PBXFileReference; lastKnownFileType = text.plist.xml; path = Info.plist; sourceTree = "<group>"; };
		3914D6661E61E8F4004F580C /* FirebaseTestTests.xctest */ = {isa = PBXFileReference; explicitFileType = wrapper.cfbundle; includeInIndex = 0; path = FirebaseTestTests.xctest; sourceTree = BUILT_PRODUCTS_DIR; };
		3914D66A1E61E8F4004F580C /* FirebaseTestTests.swift */ = {isa = PBXFileReference; lastKnownFileType = sourcecode.swift; path = FirebaseTestTests.swift; sourceTree = "<group>"; };
		3914D66C1E61E8F4004F580C /* Info.plist */ = {isa = PBXFileReference; lastKnownFileType = text.plist.xml; path = Info.plist; sourceTree = "<group>"; };
/* End PBXFileReference section */

/* Begin PBXFrameworksBuildPhase section */
		3914D64F1E61E8F4004F580C /* Frameworks */ = {
			isa = PBXFrameworksBuildPhase;
			buildActionMask = 2147483647;
			files = (
			);
			runOnlyForDeploymentPostprocessing = 0;
		};
		3914D6631E61E8F4004F580C /* Frameworks */ = {
			isa = PBXFrameworksBuildPhase;
			buildActionMask = 2147483647;
			files = (
			);
			runOnlyForDeploymentPostprocessing = 0;
		};
/* End PBXFrameworksBuildPhase section */

/* Begin PBXGroup section */
		3914D6491E61E8F4004F580C = {
			isa = PBXGroup;
			children = (
				3914D6541E61E8F4004F580C /* FirebaseTest */,
				3914D6691E61E8F4004F580C /* FirebaseTestTests */,
				3914D6531E61E8F4004F580C /* Products */,
			);
			sourceTree = "<group>";
		};
		3914D6531E61E8F4004F580C /* Products */ = {
			isa = PBXGroup;
			children = (
				3914D6521E61E8F4004F580C /* FirebaseTest.app */,
				3914D6661E61E8F4004F580C /* FirebaseTestTests.xctest */,
			);
			name = Products;
			sourceTree = "<group>";
		};
		3914D6541E61E8F4004F580C /* FirebaseTest */ = {
			isa = PBXGroup;
			children = (
				3914D6551E61E8F4004F580C /* AppDelegate.swift */,
				3914D6571E61E8F4004F580C /* ViewController.swift */,
				3914D6591E61E8F4004F580C /* Main.storyboard */,
				3914D65C1E61E8F4004F580C /* Assets.xcassets */,
				3914D65E1E61E8F4004F580C /* LaunchScreen.storyboard */,
				3914D6611E61E8F4004F580C /* Info.plist */,
			);
			path = FirebaseTest;
			sourceTree = "<group>";
		};
		3914D6691E61E8F4004F580C /* FirebaseTestTests */ = {
			isa = PBXGroup;
			children = (
				3914D66A1E61E8F4004F580C /* FirebaseTestTests.swift */,
				3914D66C1E61E8F4004F580C /* Info.plist */,
			);
			path = FirebaseTestTests;
			sourceTree = "<group>";
		};
/* End PBXGroup section */

/* Begin PBXNativeTarget section */
		3914D6511E61E8F4004F580C /* FirebaseTest */ = {
			isa = PBXNativeTarget;
			buildConfigurationList = 3914D66F1E61E8F4004F580C /* Build configuration list for PBXNativeTarget "FirebaseTest" */;
			buildPhases = (
				3914D64E1E61E8F4004F580C /* Sources */,
				3914D64F1E61E8F4004F580C /* Frameworks */,
				3914D6501E61E8F4004F580C /* Resources */,
			);
			buildRules = (
			);
			dependencies = (
			);
			name = FirebaseTest;
			productName = FirebaseTest;
			productReference = 3914D6521E61E8F4004F580C /* FirebaseTest.app */;
			productType = "com.apple.product-type.application";
		};
		3914D6651E61E8F4004F580C /* FirebaseTestTests */ = {
			isa = PBXNativeTarget;
			buildConfigurationList = 3914D6721E61E8F4004F580C /* Build configuration list for PBXNativeTarget "FirebaseTestTests" */;
			buildPhases = (
				3914D6621E61E8F4004F580C /* Sources */,
				3914D6631E61E8F4004F580C /* Frameworks */,
				3914D6641E61E8F4004F580C /* Resources */,
			);
			buildRules = (
			);
			dependencies = (
				3914D6681E61E8F4004F580C /* PBXTargetDependency */,
			);
			name = FirebaseTestTests;
			productName = FirebaseTestTests;
			productReference = 3914D6661E61E8F4004F580C /* FirebaseTestTests.xctest */;
			productType = "com.apple.product-type.bundle.unit-test";
		};
/* End PBXNativeTarget section */

/* Begin PBXProject section */
		3914D64A1E61E8F4004F580C /* Project object */ = {
			isa = PBXProject;
			attributes = {
				LastSwiftUpdateCheck = 0820;
				LastUpgradeCheck = 0820;
				ORGANIZATIONNAME = "Bruno Aybar";
				TargetAttributes = {
					3914D6511E61E8F4004F580C = {
						CreatedOnToolsVersion = 8.2.1;
						ProvisioningStyle = Automatic;
					};
					3914D6651E61E8F4004F580C = {
						CreatedOnToolsVersion = 8.2.1;
						ProvisioningStyle = Automatic;
						TestTargetID = 3914D6511E61E8F4004F580C;
					};
				};
			};
			buildConfigurationList = 3914D64D1E61E8F4004F580C /* Build configuration list for PBXProject "FirebaseTest" */;
			compatibilityVersion = "Xcode 3.2";
			developmentRegion = English;
			hasScannedForEncodings = 0;
			knownRegions = (
				en,
				Base,
			);
			mainGroup = 3914D6491E61E8F4004F580C;
			productRefGroup = 3914D6531E61E8F4004F580C /* Products */;
			projectDirPath = "";
			projectRoot = "";
			targets = (
				3914D6511E61E8F4004F580C /* FirebaseTest */,
				3914D6651E61E8F4004F580C /* FirebaseTestTests */,
			);
		};
/* End PBXProject section */

/* Begin PBXResourcesBuildPhase section */
		3914D6501E61E8F4004F580C /* Resources */ = {
			isa = PBXResourcesBuildPhase;
			buildActionMask = 2147483647;
			files = (
				3914D6601E61E8F4004F580C /* LaunchScreen.storyboard in Resources */,
				3914D65D1E61E8F4004F580C /* Assets.xcassets in Resources */,
				3914D65B1E61E8F4004F580C /* Main.storyboard in Resources */,
			);
			runOnlyForDeploymentPostprocessing = 0;
		};
		3914D6641E61E8F4004F580C /* Resources */ = {
			isa = PBXResourcesBuildPhase;
			buildActionMask = 2147483647;
			files = (
			);
			runOnlyForDeploymentPostprocessing = 0;
		};
/* End PBXResourcesBuildPhase section */

/* Begin PBXSourcesBuildPhase section */
		3914D64E1E61E8F4004F580C /* Sources */ = {
			isa = PBXSourcesBuildPhase;
			buildActionMask = 2147483647;
			files = (
				3914D6581E61E8F4004F580C /* ViewController.swift in Sources */,
				3914D6561E61E8F4004F580C /* AppDelegate.swift in Sources */,
			);
			runOnlyForDeploymentPostprocessing = 0;
		};
		3914D6621E61E8F4004F580C /* Sources */ = {
			isa = PBXSourcesBuildPhase;
			buildActionMask = 2147483647;
			files = (
				3914D66B1E61E8F4004F580C /* FirebaseTestTests.swift in Sources */,
			);
			runOnlyForDeploymentPostprocessing = 0;
		};
/* End PBXSourcesBuildPhase section */

/* Begin PBXTargetDependency section */
		3914D6681E61E8F4004F580C /* PBXTargetDependency */ = {
			isa = PBXTargetDependency;
			target = 3914D6511E61E8F4004F580C /* FirebaseTest */;
			targetProxy = 3914D6671E61E8F4004F580C /* PBXContainerItemProxy */;
		};
/* End PBXTargetDependency section */

/* Begin PBXVariantGroup section */
		3914D6591E61E8F4004F580C /* Main.storyboard */ = {
			isa = PBXVariantGroup;
			children = (
				3914D65A1E61E8F4004F580C /* Base */,
			);
			name = Main.storyboard;
			sourceTree = "<group>";
		};
		3914D65E1E61E8F4004F580C /* LaunchScreen.storyboard */ = {
			isa = PBXVariantGroup;
			children = (
				3914D65F1E61E8F4004F580C /* Base */,
			);
			name = LaunchScreen.storyboard;
			sourceTree = "<group>";
		};
/* End PBXVariantGroup section */

/* Begin XCBuildConfiguration section */
		3914D66D1E61E8F4004F580C /* Debug */ = {
			isa = XCBuildConfiguration;
			buildSettings = {
				ALWAYS_SEARCH_USER_PATHS = NO;
				CLANG_ANALYZER_NONNULL = YES;
				CLANG_CXX_LANGUAGE_STANDARD = "gnu++0x";
				CLANG_CXX_LIBRARY = "libc++";
				CLANG_ENABLE_MODULES = YES;
				CLANG_ENABLE_OBJC_ARC = YES;
				CLANG_WARN_BOOL_CONVERSION = YES;
				CLANG_WARN_CONSTANT_CONVERSION = YES;
				CLANG_WARN_DIRECT_OBJC_ISA_USAGE = YES_ERROR;
				CLANG_WARN_DOCUMENTATION_COMMENTS = YES;
				CLANG_WARN_EMPTY_BODY = YES;
				CLANG_WARN_ENUM_CONVERSION = YES;
				CLANG_WARN_INFINITE_RECURSION = YES;
				CLANG_WARN_INT_CONVERSION = YES;
				CLANG_WARN_OBJC_ROOT_CLASS = YES_ERROR;
				CLANG_WARN_SUSPICIOUS_MOVE = YES;
				CLANG_WARN_UNREACHABLE_CODE = YES;
				CLANG_WARN__DUPLICATE_METHOD_MATCH = YES;
				"CODE_SIGN_IDENTITY[sdk=iphoneos*]" = "iPhone Developer";
				COPY_PHASE_STRIP = NO;
				DEBUG_INFORMATION_FORMAT = dwarf;
				ENABLE_STRICT_OBJC_MSGSEND = YES;
				ENABLE_TESTABILITY = YES;
				GCC_C_LANGUAGE_STANDARD = gnu99;
				GCC_DYNAMIC_NO_PIC = NO;
				GCC_NO_COMMON_BLOCKS = YES;
				GCC_OPTIMIZATION_LEVEL = 0;
				GCC_PREPROCESSOR_DEFINITIONS = (
					"DEBUG=1",
					"$(inherited)",
				);
				GCC_WARN_64_TO_32_BIT_CONVERSION = YES;
				GCC_WARN_ABOUT_RETURN_TYPE = YES_ERROR;
				GCC_WARN_UNDECLARED_SELECTOR = YES;
				GCC_WARN_UNINITIALIZED_AUTOS = YES_AGGRESSIVE;
				GCC_WARN_UNUSED_FUNCTION = YES;
				GCC_WARN_UNUSED_VARIABLE = YES;
				IPHONEOS_DEPLOYMENT_TARGET = 10.2;
				MTL_ENABLE_DEBUG_INFO = YES;
				ONLY_ACTIVE_ARCH = YES;
				SDKROOT = iphoneos;
				SWIFT_ACTIVE_COMPILATION_CONDITIONS = DEBUG;
				SWIFT_OPTIMIZATION_LEVEL = "-Onone";
				TARGETED_DEVICE_FAMILY = "1,2";
			};
			name = Debug;
		};
		3914D66E1E61E8F4004F580C /* Release */ = {
			isa = XCBuildConfiguration;
			buildSettings = {
				ALWAYS_SEARCH_USER_PATHS = NO;
				CLANG_ANALYZER_NONNULL = YES;
				CLANG_CXX_LANGUAGE_STANDARD = "gnu++0x";
				CLANG_CXX_LIBRARY = "libc++";
				CLANG_ENABLE_MODULES = YES;
				CLANG_ENABLE_OBJC_ARC = YES;
				CLANG_WARN_BOOL_CONVERSION = YES;
				CLANG_WARN_CONSTANT_CONVERSION = YES;
				CLANG_WARN_DIRECT_OBJC_ISA_USAGE = YES_ERROR;
				CLANG_WARN_DOCUMENTATION_COMMENTS = YES;
				CLANG_WARN_EMPTY_BODY = YES;
				CLANG_WARN_ENUM_CONVERSION = YES;
				CLANG_WARN_INFINITE_RECURSION = YES;
				CLANG_WARN_INT_CONVERSION = YES;
				CLANG_WARN_OBJC_ROOT_CLASS = YES_ERROR;
				CLANG_WARN_SUSPICIOUS_MOVE = YES;
				CLANG_WARN_UNREACHABLE_CODE = YES;
				CLANG_WARN__DUPLICATE_METHOD_MATCH = YES;
				"CODE_SIGN_IDENTITY[sdk=iphoneos*]" = "iPhone Developer";
				COPY_PHASE_STRIP = NO;
				DEBUG_INFORMATION_FORMAT = "dwarf-with-dsym";
				ENABLE_NS_ASSERTIONS = NO;
				ENABLE_STRICT_OBJC_MSGSEND = YES;
				GCC_C_LANGUAGE_STANDARD = gnu99;
				GCC_NO_COMMON_BLOCKS = YES;
				GCC_WARN_64_TO_32_BIT_CONVERSION = YES;
				GCC_WARN_ABOUT_RETURN_TYPE = YES_ERROR;
				GCC_WARN_UNDECLARED_SELECTOR = YES;
				GCC_WARN_UNINITIALIZED_AUTOS = YES_AGGRESSIVE;
				GCC_WARN_UNUSED_FUNCTION = YES;
				GCC_WARN_UNUSED_VARIABLE = YES;
				IPHONEOS_DEPLOYMENT_TARGET = 10.2;
				MTL_ENABLE_DEBUG_INFO = NO;
				SDKROOT = iphoneos;
				SWIFT_OPTIMIZATION_LEVEL = "-Owholemodule";
				TARGETED_DEVICE_FAMILY = "1,2";
				VALIDATE_PRODUCT = YES;
			};
			name = Release;
		};
		3914D6701E61E8F4004F580C /* Debug */ = {
			isa = XCBuildConfiguration;
			buildSettings = {
				ASSETCATALOG_COMPILER_APPICON_NAME = AppIcon;
				INFOPLIST_FILE = FirebaseTest/Info.plist;
				LD_RUNPATH_SEARCH_PATHS = "$(inherited) @executable_path/Frameworks";
				PRODUCT_BUNDLE_IDENTIFIER = com.brunoaybar.FirebaseTest;
				PRODUCT_NAME = "$(TARGET_NAME)";
				SWIFT_VERSION = 3.0;
			};
			name = Debug;
		};
		3914D6711E61E8F4004F580C /* Release */ = {
			isa = XCBuildConfiguration;
			buildSettings = {
				ASSETCATALOG_COMPILER_APPICON_NAME = AppIcon;
				INFOPLIST_FILE = FirebaseTest/Info.plist;
				LD_RUNPATH_SEARCH_PATHS = "$(inherited) @executable_path/Frameworks";
				PRODUCT_BUNDLE_IDENTIFIER = com.brunoaybar.FirebaseTest;
				PRODUCT_NAME = "$(TARGET_NAME)";
				SWIFT_VERSION = 3.0;
			};
			name = Release;
		};
		3914D6731E61E8F4004F580C /* Debug */ = {
			isa = XCBuildConfiguration;
			buildSettings = {
				ALWAYS_EMBED_SWIFT_STANDARD_LIBRARIES = YES;
				BUNDLE_LOADER = "$(TEST_HOST)";
				INFOPLIST_FILE = FirebaseTestTests/Info.plist;
				LD_RUNPATH_SEARCH_PATHS = "$(inherited) @executable_path/Frameworks @loader_path/Frameworks";
				PRODUCT_BUNDLE_IDENTIFIER = com.brunoaybar.FirebaseTestTests;
				PRODUCT_NAME = "$(TARGET_NAME)";
				SWIFT_VERSION = 3.0;
				TEST_HOST = "$(BUILT_PRODUCTS_DIR)/FirebaseTest.app/FirebaseTest";
			};
			name = Debug;
		};
		3914D6741E61E8F4004F580C /* Release */ = {
			isa = XCBuildConfiguration;
			buildSettings = {
				ALWAYS_EMBED_SWIFT_STANDARD_LIBRARIES = YES;
				BUNDLE_LOADER = "$(TEST_HOST)";
				INFOPLIST_FILE = FirebaseTestTests/Info.plist;
				LD_RUNPATH_SEARCH_PATHS = "$(inherited) @executable_path/Frameworks @loader_path/Frameworks";
				PRODUCT_BUNDLE_IDENTIFIER = com.brunoaybar.FirebaseTestTests;
				PRODUCT_NAME = "$(TARGET_NAME)";
				SWIFT_VERSION = 3.0;
				TEST_HOST = "$(BUILT_PRODUCTS_DIR)/FirebaseTest.app/FirebaseTest";
			};
			name = Release;
		};
/* End XCBuildConfiguration section */

/* Begin XCConfigurationList section */
		3914D64D1E61E8F4004F580C /* Build configuration list for PBXProject "FirebaseTest" */ = {
			isa = XCConfigurationList;
			buildConfigurations = (
				3914D66D1E61E8F4004F580C /* Debug */,
				3914D66E1E61E8F4004F580C /* Release */,
			);
			defaultConfigurationIsVisible = 0;
			defaultConfigurationName = Release;
		};
		3914D66F1E61E8F4004F580C /* Build configuration list for PBXNativeTarget "FirebaseTest" */ = {
			isa = XCConfigurationList;
			buildConfigurations = (
				3914D6701E61E8F4004F580C /* Debug */,
				3914D6711E61E8F4004F580C /* Release */,
			);
			defaultConfigurationIsVisible = 0;
		};
		3914D6721E61E8F4004F580C /* Build configuration list for PBXNativeTarget "FirebaseTestTests" */ = {
			isa = XCConfigurationList;
			buildConfigurations = (
				3914D6731E61E8F4004F580C /* Debug */,
				3914D6741E61E8F4004F580C /* Release */,
			);
			defaultConfigurationIsVisible = 0;
		};
/* End XCConfigurationList section */
	};
	rootObject = 3914D64A1E61E8F4004F580C /* Project object */;
}
